<?xml version="1.0" encoding="utf-8"?>
<Project ToolsVersion="4.0" xmlns="http://schemas.microsoft.com/developer/msbuild/2003">
  <ItemGroup>
    <Filter Include="ソース ファイル">
      <UniqueIdentifier>{4FC737F1-C7A5-4376-A066-2A32D752A2FF}</UniqueIdentifier>
      <Extensions>cpp;c;cc;cxx;def;odl;idl;hpj;bat;asm;asmx</Extensions>
    </Filter>
    <Filter Include="ヘッダー ファイル">
      <UniqueIdentifier>{93995380-89BD-4b04-88EB-625FBE52EBFB}</UniqueIdentifier>
      <Extensions>h;hh;hpp;hxx;hm;inl;inc;xsd</Extensions>
    </Filter>
    <Filter Include="リソース ファイル">
      <UniqueIdentifier>{67DA6AB6-F800-4c08-8B7A-83BB121AAD01}</UniqueIdentifier>
      <Extensions>rc;ico;cur;bmp;dlg;rc2;rct;bin;rgs;gif;jpg;jpeg;jpe;resx;tiff;tif;png;wav;mfcribbon-ms</Extensions>
    </Filter>
    <Filter Include="ソース ファイル\オブジェクト">
      <UniqueIdentifier>{2b52803a-f4b2-4b5d-9054-e30f7102bfe7}</UniqueIdentifier>
    </Filter>
    <Filter Include="ソース ファイル\入力">
      <UniqueIdentifier>{b073abbf-c7b5-4603-82d1-1a880bef7396}</UniqueIdentifier>
    </Filter>
    <Filter Include="ソース ファイル\メイン">
      <UniqueIdentifier>{4a2a252c-c889-4770-8017-ff93d99f4a8e}</UniqueIdentifier>
    </Filter>
    <Filter Include="ヘッダー ファイル\オブジェクト">
      <UniqueIdentifier>{55093ee0-7b71-4a58-956c-27fa8fb49cda}</UniqueIdentifier>
    </Filter>
    <Filter Include="ヘッダー ファイル\入力">
      <UniqueIdentifier>{ec2da700-ca00-48b9-8cb8-13ff1af3ab53}</UniqueIdentifier>
    </Filter>
    <Filter Include="ヘッダー ファイル\メイン">
      <UniqueIdentifier>{8488c658-91c0-4f76-8546-33f5d7dab4f7}</UniqueIdentifier>
    </Filter>
    <Filter Include="ソース ファイル\メッシュポリゴン">
      <UniqueIdentifier>{c7b7499f-7986-4f42-9f4e-2c443053fd78}</UniqueIdentifier>
    </Filter>
    <Filter Include="ヘッダー ファイル\メッシュポリゴン">
      <UniqueIdentifier>{74896a00-4b1f-4d9a-9cf5-4c684cfe4f5b}</UniqueIdentifier>
    </Filter>
    <Filter Include="ソース ファイル\モデル">
      <UniqueIdentifier>{ea56f2e5-f022-47df-a04b-66d3c9f19f97}</UniqueIdentifier>
    </Filter>
    <Filter Include="ヘッダー ファイル\モデル">
      <UniqueIdentifier>{feb3b5ad-14fb-454b-9b35-67380d07c2a2}</UniqueIdentifier>
    </Filter>
    <Filter Include="ソース ファイル\モード">
      <UniqueIdentifier>{7298522b-0241-413a-8069-67ca97b12139}</UniqueIdentifier>
    </Filter>
    <Filter Include="ヘッダー ファイル\モード">
      <UniqueIdentifier>{0472fb60-48ee-4f34-bb83-09f27fe8a5f3}</UniqueIdentifier>
    </Filter>
    <Filter Include="ヘッダー ファイル\ビルボード">
      <UniqueIdentifier>{066b49df-0005-4f54-8dc0-b5a39709fcd2}</UniqueIdentifier>
    </Filter>
    <Filter Include="ソース ファイル\データファイル">
      <UniqueIdentifier>{d5dc0063-2e54-415f-8873-3c60c04f8baf}</UniqueIdentifier>
    </Filter>
    <Filter Include="ヘッダー ファイル\データファイル">
      <UniqueIdentifier>{0210ff65-604b-4e39-a8f1-179604935090}</UniqueIdentifier>
    </Filter>
    <Filter Include="ソース ファイル\ビルボード">
      <UniqueIdentifier>{00878da4-439d-46ce-908b-a4181148fa26}</UniqueIdentifier>
    </Filter>
  </ItemGroup>
  <ItemGroup>
    <ClCompile Include="light.cpp">
      <Filter>ソース ファイル</Filter>
    </ClCompile>
    <ClCompile Include="scene.cpp">
      <Filter>ソース ファイル\オブジェクト</Filter>
    </ClCompile>
    <ClCompile Include="scene2D.cpp">
      <Filter>ソース ファイル\オブジェクト</Filter>
    </ClCompile>
    <ClCompile Include="scene3D.cpp">
      <Filter>ソース ファイル\オブジェクト</Filter>
    </ClCompile>
    <ClCompile Include="input.cpp">
      <Filter>ソース ファイル\入力</Filter>
    </ClCompile>
    <ClCompile Include="keyboard.cpp">
      <Filter>ソース ファイル\入力</Filter>
    </ClCompile>
    <ClCompile Include="main.cpp">
      <Filter>ソース ファイル\メイン</Filter>
    </ClCompile>
    <ClCompile Include="manager.cpp">
      <Filter>ソース ファイル\メイン</Filter>
    </ClCompile>
    <ClCompile Include="renderer.cpp">
      <Filter>ソース ファイル\メイン</Filter>
    </ClCompile>
    <ClCompile Include="meshfield.cpp">
      <Filter>ソース ファイル\メッシュポリゴン</Filter>
    </ClCompile>
    <ClCompile Include="model.cpp">
      <Filter>ソース ファイル\モデル</Filter>
    </ClCompile>
    <ClCompile Include="fade.cpp">
      <Filter>ソース ファイル\モード</Filter>
    </ClCompile>
    <ClCompile Include="player.cpp">
      <Filter>ソース ファイル\モデル</Filter>
    </ClCompile>
    <ClCompile Include="game.cpp">
      <Filter>ソース ファイル\モード</Filter>
    </ClCompile>
    <ClCompile Include="meshsphere.cpp">
      <Filter>ソース ファイル\メッシュポリゴン</Filter>
    </ClCompile>
    <ClCompile Include="meshcylinder.cpp">
      <Filter>ソース ファイル\メッシュポリゴン</Filter>
    </ClCompile>
    <ClCompile Include="mouse.cpp">
      <Filter>ソース ファイル\入力</Filter>
    </ClCompile>
    <ClCompile Include="billboard.cpp">
      <Filter>ソース ファイル\ビルボード</Filter>
    </ClCompile>
    <ClCompile Include="bullet.cpp">
      <Filter>ソース ファイル\ビルボード</Filter>
    </ClCompile>
    <ClCompile Include="camera.cpp">
      <Filter>ソース ファイル</Filter>
    </ClCompile>
    <ClCompile Include="meshwall.cpp">
      <Filter>ソース ファイル\メッシュポリゴン</Filter>
    </ClCompile>
    <ClCompile Include="effect.cpp">
      <Filter>ソース ファイル\ビルボード</Filter>
    </ClCompile>
    <ClCompile Include="loadData.cpp">
      <Filter>ソース ファイル\データファイル</Filter>
    </ClCompile>
    <ClCompile Include="texture.cpp">
      <Filter>ソース ファイル\データファイル</Filter>
    </ClCompile>
    <ClCompile Include="modelsingle.cpp">
      <Filter>ソース ファイル\モデル</Filter>
    </ClCompile>
    <ClCompile Include="Xload.cpp">
      <Filter>ソース ファイル\データファイル</Filter>
    </ClCompile>
    <ClCompile Include="sight.cpp">
      <Filter>ソース ファイル\ビルボード</Filter>
    </ClCompile>
    <ClCompile Include="title.cpp">
      <Filter>ソース ファイル\モード</Filter>
    </ClCompile>
    <ClCompile Include="result.cpp">
      <Filter>ソース ファイル\モード</Filter>
    </ClCompile>
  </ItemGroup>
  <ItemGroup>
    <ClInclude Include="camera.h">
      <Filter>ヘッダー ファイル</Filter>
    </ClInclude>
    <ClInclude Include="light.h">
      <Filter>ヘッダー ファイル</Filter>
    </ClInclude>
    <ClInclude Include="scene.h">
      <Filter>ヘッダー ファイル\オブジェクト</Filter>
    </ClInclude>
    <ClInclude Include="scene2D.h">
      <Filter>ヘッダー ファイル\オブジェクト</Filter>
    </ClInclude>
    <ClInclude Include="scene3D.h">
      <Filter>ヘッダー ファイル\オブジェクト</Filter>
    </ClInclude>
    <ClInclude Include="input.h">
      <Filter>ヘッダー ファイル\入力</Filter>
    </ClInclude>
    <ClInclude Include="keyboard.h">
      <Filter>ヘッダー ファイル\入力</Filter>
    </ClInclude>
    <ClInclude Include="main.h">
      <Filter>ヘッダー ファイル\メイン</Filter>
    </ClInclude>
    <ClInclude Include="manager.h">
      <Filter>ヘッダー ファイル\メイン</Filter>
    </ClInclude>
    <ClInclude Include="renderer.h">
      <Filter>ヘッダー ファイル\メイン</Filter>
    </ClInclude>
    <ClInclude Include="meshfield.h">
      <Filter>ヘッダー ファイル\メッシュポリゴン</Filter>
    </ClInclude>
    <ClInclude Include="model.h">
      <Filter>ヘッダー ファイル\モデル</Filter>
    </ClInclude>
    <ClInclude Include="fade.h">
      <Filter>ヘッダー ファイル\モード</Filter>
    </ClInclude>
    <ClInclude Include="game.h">
      <Filter>ヘッダー ファイル\モード</Filter>
    </ClInclude>
    <ClInclude Include="mouse.h">
      <Filter>ヘッダー ファイル\入力</Filter>
    </ClInclude>
    <ClInclude Include="player.h">
      <Filter>ヘッダー ファイル\モデル</Filter>
    </ClInclude>
    <ClInclude Include="meshcylinder.h">
      <Filter>ヘッダー ファイル\メッシュポリゴン</Filter>
    </ClInclude>
    <ClInclude Include="meshsphere.h">
      <Filter>ヘッダー ファイル\メッシュポリゴン</Filter>
    </ClInclude>
    <ClInclude Include="billboard.h">
      <Filter>ヘッダー ファイル\ビルボード</Filter>
    </ClInclude>
    <ClInclude Include="bullet.h">
      <Filter>ヘッダー ファイル\ビルボード</Filter>
    </ClInclude>
    <ClInclude Include="meshwall.h">
      <Filter>ヘッダー ファイル\メッシュポリゴン</Filter>
    </ClInclude>
    <ClInclude Include="effect.h">
      <Filter>ヘッダー ファイル\ビルボード</Filter>
    </ClInclude>
    <ClInclude Include="modelsingle.h">
      <Filter>ヘッダー ファイル\モデル</Filter>
    </ClInclude>
    <ClInclude Include="title.h">
      <Filter>ソース ファイル\モード</Filter>
    </ClInclude>
    <ClInclude Include="result.h">
      <Filter>ソース ファイル\モード</Filter>
    </ClInclude>
    <ClInclude Include="sight.h">
      <Filter>ヘッダー ファイル\ビルボード</Filter>
    </ClInclude>
    <ClInclude Include="loadData.h">
      <Filter>ヘッダー ファイル\データファイル</Filter>
    </ClInclude>
    <ClInclude Include="texture.h">
      <Filter>ヘッダー ファイル\データファイル</Filter>
    </ClInclude>
    <ClInclude Include="Xload.h">
      <Filter>ヘッダー ファイル\データファイル</Filter>
    </ClInclude>
  </ItemGroup>
</Project>